
Microsoft Visual Studio Solution File, Format Version 12.00
# Visual Studio Version 17
VisualStudioVersion = 17.6.33815.320
MinimumVisualStudioVersion = 10.0.40219.1
Project("{FAE04EC0-301F-11D3-BF4B-00C04F79EFBC}") = "DZ_WinForms_week_1_задание_4", "DZ_WinForms_week_1_задание_4\DZ_WinForms_week_1_задание_4.csproj", "{A60433B9-E618-4AF5-B69F-49975F667BF9}"
EndProject
Global
	GlobalSection(SolutionConfigurationPlatforms) = preSolution
		Debug|Any CPU = Debug|Any CPU
		Release|Any CPU = Release|Any CPU
	EndGlobalSection
	GlobalSection(ProjectConfigurationPlatforms) = postSolution
		{A60433B9-E618-4AF5-B69F-49975F667BF9}.Debug|Any CPU.ActiveCfg = Debug|Any CPU
		{A60433B9-E618-4AF5-B69F-49975F667BF9}.Debug|Any CPU.Build.0 = Debug|Any CPU
		{A60433B9-E618-4AF5-B69F-49975F667BF9}.Release|Any CPU.ActiveCfg = Release|Any CPU
		{A60433B9-E618-4AF5-B69F-49975F667BF9}.Release|Any CPU.Build.0 = Release|Any CPU
	EndGlobalSection
	GlobalSection(SolutionProperties) = preSolution
		HideSolutionNode = FALSE
	EndGlobalSection
	GlobalSection(ExtensibilityGlobals) = postSolution
		SolutionGuid = {16102889-06DE-47A9-852E-51E5253CD123}
	EndGlobalSection
EndGlobal
